
Microsoft Visual Studio Solution File, Format Version 12.00
# Visual Studio 15
VisualStudioVersion = 15.0.28307.1433
MinimumVisualStudioVersion = 10.0.40219.1
Project("{FAE04EC0-301F-11D3-BF4B-00C04F79EFBC}") = "ClinetMaintance", "ClinetMaintance\ClinetMaintance.csproj", "{AA4ABDF4-6BA4-407C-AD19-9720664217A3}"
EndProject
Global
	GlobalSection(SolutionConfigurationPlatforms) = preSolution
		Debug|Any CPU = Debug|Any CPU
		Release|Any CPU = Release|Any CPU
	EndGlobalSection
	GlobalSection(ProjectConfigurationPlatforms) = postSolution
		{AA4ABDF4-6BA4-407C-AD19-9720664217A3}.Debug|Any CPU.ActiveCfg = Debug|Any CPU
		{AA4ABDF4-6BA4-407C-AD19-9720664217A3}.Debug|Any CPU.Build.0 = Debug|Any CPU
		{AA4ABDF4-6BA4-407C-AD19-9720664217A3}.Release|Any CPU.ActiveCfg = Release|Any CPU
		{AA4ABDF4-6BA4-407C-AD19-9720664217A3}.Release|Any CPU.Build.0 = Release|Any CPU
	EndGlobalSection
	GlobalSection(SolutionProperties) = preSolution
		HideSolutionNode = FALSE
	EndGlobalSection
	GlobalSection(ExtensibilityGlobals) = postSolution
		SolutionGuid = {AF98137A-485B-4731-A072-98D62DB8B8B5}
	EndGlobalSection
EndGlobal
