
Microsoft Visual Studio Solution File, Format Version 12.00
# Visual Studio Version 16
VisualStudioVersion = 16.0.30717.126
MinimumVisualStudioVersion = 10.0.40219.1
Project("{FAE04EC0-301F-11D3-BF4B-00C04F79EFBC}") = "CallCenter", "..\PresentationLayer\CallCenter\CallCenter\CallCenter.csproj", "{94DC3B52-167B-4016-AEFD-B512508BEF2C}"
EndProject
Project("{FAE04EC0-301F-11D3-BF4B-00C04F79EFBC}") = "ClinetMaintance2", "..\PresentationLayer\ClinetMaintance\ClinetMaintance\ClinetMaintance2.csproj", "{AA4ABDF4-6BA4-407C-AD19-9720664217A3}"
EndProject
Project("{FAE04EC0-301F-11D3-BF4B-00C04F79EFBC}") = "TechnicianFORM", "..\PresentationLayer\SEN3X1-TechnicianForm NEW\SEN3X1-TechnicianForm\TechnicianFORM\TechnicianFORM\TechnicianFORM.csproj", "{741E28CC-5E05-4A03-83EE-4840A0388D8F}"
EndProject
Project("{FAE04EC0-301F-11D3-BF4B-00C04F79EFBC}") = "ClienSatisfactionForm", "..\PresentationLayer\WindowsFormsApp1\ClienSatisfactionForm.csproj", "{83DCC2F8-A775-4867-AC39-D0E83980129B}"
EndProject
Project("{9A19103F-16F7-4668-BE54-9A1E7A4F7556}") = "BackEnd", "..\BackEnd\BackEnd.csproj", "{32458549-26DE-467C-A9B2-805BD867CF2A}"
EndProject
Project("{FAE04EC0-301F-11D3-BF4B-00C04F79EFBC}") = "LoginForm", "..\PresentationLayer\LoginForm\LoginForm.csproj", "{28B62C1B-3ACD-49B2-9A0B-893BE1700C28}"
EndProject
Project("{9A19103F-16F7-4668-BE54-9A1E7A4F7556}") = "ContractMaintance", "..\ContractMaintance\ContractMaintance.csproj", "{3812605B-F297-426F-88A7-7B6154028248}"
EndProject
Project("{FAE04EC0-301F-11D3-BF4B-00C04F79EFBC}") = "CallSystem", "CallSystem\CallSystem.csproj", "{F1D6A956-A725-43B8-BFEF-9BC9BB860E57}"
EndProject
Global
	GlobalSection(SolutionConfigurationPlatforms) = preSolution
		Debug|Any CPU = Debug|Any CPU
		Release|Any CPU = Release|Any CPU
	EndGlobalSection
	GlobalSection(ProjectConfigurationPlatforms) = postSolution
		{94DC3B52-167B-4016-AEFD-B512508BEF2C}.Debug|Any CPU.ActiveCfg = Debug|Any CPU
		{94DC3B52-167B-4016-AEFD-B512508BEF2C}.Debug|Any CPU.Build.0 = Debug|Any CPU
		{94DC3B52-167B-4016-AEFD-B512508BEF2C}.Release|Any CPU.ActiveCfg = Release|Any CPU
		{94DC3B52-167B-4016-AEFD-B512508BEF2C}.Release|Any CPU.Build.0 = Release|Any CPU
		{AA4ABDF4-6BA4-407C-AD19-9720664217A3}.Debug|Any CPU.ActiveCfg = Debug|Any CPU
		{AA4ABDF4-6BA4-407C-AD19-9720664217A3}.Debug|Any CPU.Build.0 = Debug|Any CPU
		{AA4ABDF4-6BA4-407C-AD19-9720664217A3}.Release|Any CPU.ActiveCfg = Release|Any CPU
		{AA4ABDF4-6BA4-407C-AD19-9720664217A3}.Release|Any CPU.Build.0 = Release|Any CPU
		{741E28CC-5E05-4A03-83EE-4840A0388D8F}.Debug|Any CPU.ActiveCfg = Debug|Any CPU
		{741E28CC-5E05-4A03-83EE-4840A0388D8F}.Debug|Any CPU.Build.0 = Debug|Any CPU
		{741E28CC-5E05-4A03-83EE-4840A0388D8F}.Release|Any CPU.ActiveCfg = Release|Any CPU
		{741E28CC-5E05-4A03-83EE-4840A0388D8F}.Release|Any CPU.Build.0 = Release|Any CPU
		{83DCC2F8-A775-4867-AC39-D0E83980129B}.Debug|Any CPU.ActiveCfg = Debug|Any CPU
		{83DCC2F8-A775-4867-AC39-D0E83980129B}.Debug|Any CPU.Build.0 = Debug|Any CPU
		{83DCC2F8-A775-4867-AC39-D0E83980129B}.Release|Any CPU.ActiveCfg = Release|Any CPU
		{83DCC2F8-A775-4867-AC39-D0E83980129B}.Release|Any CPU.Build.0 = Release|Any CPU
		{32458549-26DE-467C-A9B2-805BD867CF2A}.Debug|Any CPU.ActiveCfg = Debug|Any CPU
		{32458549-26DE-467C-A9B2-805BD867CF2A}.Debug|Any CPU.Build.0 = Debug|Any CPU
		{32458549-26DE-467C-A9B2-805BD867CF2A}.Release|Any CPU.ActiveCfg = Release|Any CPU
		{32458549-26DE-467C-A9B2-805BD867CF2A}.Release|Any CPU.Build.0 = Release|Any CPU
		{28B62C1B-3ACD-49B2-9A0B-893BE1700C28}.Debug|Any CPU.ActiveCfg = Debug|Any CPU
		{28B62C1B-3ACD-49B2-9A0B-893BE1700C28}.Debug|Any CPU.Build.0 = Debug|Any CPU
		{28B62C1B-3ACD-49B2-9A0B-893BE1700C28}.Release|Any CPU.ActiveCfg = Release|Any CPU
		{28B62C1B-3ACD-49B2-9A0B-893BE1700C28}.Release|Any CPU.Build.0 = Release|Any CPU
		{3812605B-F297-426F-88A7-7B6154028248}.Debug|Any CPU.ActiveCfg = Debug|Any CPU
		{3812605B-F297-426F-88A7-7B6154028248}.Debug|Any CPU.Build.0 = Debug|Any CPU
		{3812605B-F297-426F-88A7-7B6154028248}.Release|Any CPU.ActiveCfg = Release|Any CPU
		{3812605B-F297-426F-88A7-7B6154028248}.Release|Any CPU.Build.0 = Release|Any CPU
		{F1D6A956-A725-43B8-BFEF-9BC9BB860E57}.Debug|Any CPU.ActiveCfg = Debug|Any CPU
		{F1D6A956-A725-43B8-BFEF-9BC9BB860E57}.Debug|Any CPU.Build.0 = Debug|Any CPU
		{F1D6A956-A725-43B8-BFEF-9BC9BB860E57}.Release|Any CPU.ActiveCfg = Release|Any CPU
		{F1D6A956-A725-43B8-BFEF-9BC9BB860E57}.Release|Any CPU.Build.0 = Release|Any CPU
	EndGlobalSection
	GlobalSection(SolutionProperties) = preSolution
		HideSolutionNode = FALSE
	EndGlobalSection
	GlobalSection(ExtensibilityGlobals) = postSolution
		SolutionGuid = {6434748C-215D-4A17-A582-33DFC30B7B94}
	EndGlobalSection
EndGlobal
